// !$*UTF8*$!
{
	archiveVersion = 1;
	classes = {
	};
	objectVersion = 46;
	objects = {

/* Begin PBXBuildFile section */
		048A4A1F951F8CE4D55E7CD2 /* Pods_MotionBreakUITests.framework in Frameworks */ = {isa = PBXBuildFile; fileRef = CCC52F53D1DB4381BD13E35C /* Pods_MotionBreakUITests.framework */; };
		536E4B00432A9B67015B2025 /* Pods_MotionBreakTests.framework in Frameworks */ = {isa = PBXBuildFile; fileRef = 8849363BDFDE2D6EBE2C3E13 /* Pods_MotionBreakTests.framework */; };
		89DF9F006FBF679C134F3907 /* Pods_MotionBreak.framework in Frameworks */ = {isa = PBXBuildFile; fileRef = 65BFE3959C6188068DCE18FC /* Pods_MotionBreak.framework */; };
		E9FE7E181E5260D2001E5D81 /* AppDelegate.swift in Sources */ = {isa = PBXBuildFile; fileRef = E9FE7E171E5260D2001E5D81 /* AppDelegate.swift */; };
		E9FE7E1A1E5260D2001E5D81 /* ViewController.swift in Sources */ = {isa = PBXBuildFile; fileRef = E9FE7E191E5260D2001E5D81 /* ViewController.swift */; };
		E9FE7E1D1E5260D2001E5D81 /* Main.storyboard in Resources */ = {isa = PBXBuildFile; fileRef = E9FE7E1B1E5260D2001E5D81 /* Main.storyboard */; };
		E9FE7E1F1E5260D2001E5D81 /* Assets.xcassets in Resources */ = {isa = PBXBuildFile; fileRef = E9FE7E1E1E5260D2001E5D81 /* Assets.xcassets */; };
		E9FE7E221E5260D2001E5D81 /* LaunchScreen.storyboard in Resources */ = {isa = PBXBuildFile; fileRef = E9FE7E201E5260D2001E5D81 /* LaunchScreen.storyboard */; };
		E9FE7E2D1E5260D2001E5D81 /* MotionBreakTests.swift in Sources */ = {isa = PBXBuildFile; fileRef = E9FE7E2C1E5260D2001E5D81 /* MotionBreakTests.swift */; };
		E9FE7E381E5260D2001E5D81 /* MotionBreakUITests.swift in Sources */ = {isa = PBXBuildFile; fileRef = E9FE7E371E5260D2001E5D81 /* MotionBreakUITests.swift */; };
		E9FE7E461E52611C001E5D81 /* GoogleService-Info.plist in Resources */ = {isa = PBXBuildFile; fileRef = E9FE7E451E52611C001E5D81 /* GoogleService-Info.plist */; };
/* End PBXBuildFile section */

/* Begin PBXContainerItemProxy section */
		E9FE7E291E5260D2001E5D81 /* PBXContainerItemProxy */ = {
			isa = PBXContainerItemProxy;
			containerPortal = E9FE7E0C1E5260D2001E5D81 /* Project object */;
			proxyType = 1;
			remoteGlobalIDString = E9FE7E131E5260D2001E5D81;
			remoteInfo = MotionBreak;
		};
		E9FE7E341E5260D2001E5D81 /* PBXContainerItemProxy */ = {
			isa = PBXContainerItemProxy;
			containerPortal = E9FE7E0C1E5260D2001E5D81 /* Project object */;
			proxyType = 1;
			remoteGlobalIDString = E9FE7E131E5260D2001E5D81;
			remoteInfo = MotionBreak;
		};
/* End PBXContainerItemProxy section */

/* Begin PBXFileReference section */
		5913FB6EE3174F5AB7251E63 /* Pods-MotionBreak.debug.xcconfig */ = {isa = PBXFileReference; includeInIndex = 1; lastKnownFileType = text.xcconfig; name = "Pods-MotionBreak.debug.xcconfig"; path = "Pods/Target Support Files/Pods-MotionBreak/Pods-MotionBreak.debug.xcconfig"; sourceTree = "<group>"; };
		5CFEAEA6586474D9BC412975 /* Pods-MotionBreakTests.release.xcconfig */ = {isa = PBXFileReference; includeInIndex = 1; lastKnownFileType = text.xcconfig; name = "Pods-MotionBreakTests.release.xcconfig"; path = "Pods/Target Support Files/Pods-MotionBreakTests/Pods-MotionBreakTests.release.xcconfig"; sourceTree = "<group>"; };
		62745BD14AF2B9BAF4D638B5 /* Pods-MotionBreakUITests.release.xcconfig */ = {isa = PBXFileReference; includeInIndex = 1; lastKnownFileType = text.xcconfig; name = "Pods-MotionBreakUITests.release.xcconfig"; path = "Pods/Target Support Files/Pods-MotionBreakUITests/Pods-MotionBreakUITests.release.xcconfig"; sourceTree = "<group>"; };
		65BFE3959C6188068DCE18FC /* Pods_MotionBreak.framework */ = {isa = PBXFileReference; explicitFileType = wrapper.framework; includeInIndex = 0; path = Pods_MotionBreak.framework; sourceTree = BUILT_PRODUCTS_DIR; };
		8849363BDFDE2D6EBE2C3E13 /* Pods_MotionBreakTests.framework */ = {isa = PBXFileReference; explicitFileType = wrapper.framework; includeInIndex = 0; path = Pods_MotionBreakTests.framework; sourceTree = BUILT_PRODUCTS_DIR; };
		88DC180BCDD9C22BD351A4A0 /* Pods-MotionBreakUITests.debug.xcconfig */ = {isa = PBXFileReference; includeInIndex = 1; lastKnownFileType = text.xcconfig; name = "Pods-MotionBreakUITests.debug.xcconfig"; path = "Pods/Target Support Files/Pods-MotionBreakUITests/Pods-MotionBreakUITests.debug.xcconfig"; sourceTree = "<group>"; };
		8F0B8058A7795DA2B8BADD02 /* Pods-MotionBreak.release.xcconfig */ = {isa = PBXFileReference; includeInIndex = 1; lastKnownFileType = text.xcconfig; name = "Pods-MotionBreak.release.xcconfig"; path = "Pods/Target Support Files/Pods-MotionBreak/Pods-MotionBreak.release.xcconfig"; sourceTree = "<group>"; };
		CCC52F53D1DB4381BD13E35C /* Pods_MotionBreakUITests.framework */ = {isa = PBXFileReference; explicitFileType = wrapper.framework; includeInIndex = 0; path = Pods_MotionBreakUITests.framework; sourceTree = BUILT_PRODUCTS_DIR; };
		DC376E55355B2F306C37E5ED /* Pods-MotionBreakTests.debug.xcconfig */ = {isa = PBXFileReference; includeInIndex = 1; lastKnownFileType = text.xcconfig; name = "Pods-MotionBreakTests.debug.xcconfig"; path = "Pods/Target Support Files/Pods-MotionBreakTests/Pods-MotionBreakTests.debug.xcconfig"; sourceTree = "<group>"; };
		E9FE7E141E5260D2001E5D81 /* MotionBreak.app */ = {isa = PBXFileReference; explicitFileType = wrapper.application; includeInIndex = 0; path = MotionBreak.app; sourceTree = BUILT_PRODUCTS_DIR; };
		E9FE7E171E5260D2001E5D81 /* AppDelegate.swift */ = {isa = PBXFileReference; lastKnownFileType = sourcecode.swift; path = AppDelegate.swift; sourceTree = "<group>"; };
		E9FE7E191E5260D2001E5D81 /* ViewController.swift */ = {isa = PBXFileReference; lastKnownFileType = sourcecode.swift; path = ViewController.swift; sourceTree = "<group>"; };
		E9FE7E1C1E5260D2001E5D81 /* Base */ = {isa = PBXFileReference; lastKnownFileType = file.storyboard; name = Base; path = Base.lproj/Main.storyboard; sourceTree = "<group>"; };
		E9FE7E1E1E5260D2001E5D81 /* Assets.xcassets */ = {isa = PBXFileReference; lastKnownFileType = folder.assetcatalog; path = Assets.xcassets; sourceTree = "<group>"; };
		E9FE7E211E5260D2001E5D81 /* Base */ = {isa = PBXFileReference; lastKnownFileType = file.storyboard; name = Base; path = Base.lproj/LaunchScreen.storyboard; sourceTree = "<group>"; };
		E9FE7E231E5260D2001E5D81 /* Info.plist */ = {isa = PBXFileReference; lastKnownFileType = text.plist.xml; path = Info.plist; sourceTree = "<group>"; };
		E9FE7E281E5260D2001E5D81 /* MotionBreakTests.xctest */ = {isa = PBXFileReference; explicitFileType = wrapper.cfbundle; includeInIndex = 0; path = MotionBreakTests.xctest; sourceTree = BUILT_PRODUCTS_DIR; };
		E9FE7E2C1E5260D2001E5D81 /* MotionBreakTests.swift */ = {isa = PBXFileReference; lastKnownFileType = sourcecode.swift; path = MotionBreakTests.swift; sourceTree = "<group>"; };
		E9FE7E2E1E5260D2001E5D81 /* Info.plist */ = {isa = PBXFileReference; lastKnownFileType = text.plist.xml; path = Info.plist; sourceTree = "<group>"; };
		E9FE7E331E5260D2001E5D81 /* MotionBreakUITests.xctest */ = {isa = PBXFileReference; explicitFileType = wrapper.cfbundle; includeInIndex = 0; path = MotionBreakUITests.xctest; sourceTree = BUILT_PRODUCTS_DIR; };
		E9FE7E371E5260D2001E5D81 /* MotionBreakUITests.swift */ = {isa = PBXFileReference; lastKnownFileType = sourcecode.swift; path = MotionBreakUITests.swift; sourceTree = "<group>"; };
		E9FE7E391E5260D2001E5D81 /* Info.plist */ = {isa = PBXFileReference; lastKnownFileType = text.plist.xml; path = Info.plist; sourceTree = "<group>"; };
		E9FE7E451E52611C001E5D81 /* GoogleService-Info.plist */ = {isa = PBXFileReference; fileEncoding = 4; lastKnownFileType = text.plist.xml; path = "GoogleService-Info.plist"; sourceTree = "<group>"; };
/* End PBXFileReference section */

/* Begin PBXFrameworksBuildPhase section */
		E9FE7E111E5260D2001E5D81 /* Frameworks */ = {
			isa = PBXFrameworksBuildPhase;
			buildActionMask = 2147483647;
			files = (
				89DF9F006FBF679C134F3907 /* Pods_MotionBreak.framework in Frameworks */,
			);
			runOnlyForDeploymentPostprocessing = 0;
		};
		E9FE7E251E5260D2001E5D81 /* Frameworks */ = {
			isa = PBXFrameworksBuildPhase;
			buildActionMask = 2147483647;
			files = (
				536E4B00432A9B67015B2025 /* Pods_MotionBreakTests.framework in Frameworks */,
			);
			runOnlyForDeploymentPostprocessing = 0;
		};
		E9FE7E301E5260D2001E5D81 /* Frameworks */ = {
			isa = PBXFrameworksBuildPhase;
			buildActionMask = 2147483647;
			files = (
				048A4A1F951F8CE4D55E7CD2 /* Pods_MotionBreakUITests.framework in Frameworks */,
			);
			runOnlyForDeploymentPostprocessing = 0;
		};
/* End PBXFrameworksBuildPhase section */

/* Begin PBXGroup section */
		560B8831BAE3D94BFA3373E3 /* Frameworks */ = {
			isa = PBXGroup;
			children = (
				65BFE3959C6188068DCE18FC /* Pods_MotionBreak.framework */,
				8849363BDFDE2D6EBE2C3E13 /* Pods_MotionBreakTests.framework */,
				CCC52F53D1DB4381BD13E35C /* Pods_MotionBreakUITests.framework */,
			);
			name = Frameworks;
			sourceTree = "<group>";
		};
		C2E40FBC673150379D4381F3 /* Pods */ = {
			isa = PBXGroup;
			children = (
				5913FB6EE3174F5AB7251E63 /* Pods-MotionBreak.debug.xcconfig */,
				8F0B8058A7795DA2B8BADD02 /* Pods-MotionBreak.release.xcconfig */,
				DC376E55355B2F306C37E5ED /* Pods-MotionBreakTests.debug.xcconfig */,
				5CFEAEA6586474D9BC412975 /* Pods-MotionBreakTests.release.xcconfig */,
				88DC180BCDD9C22BD351A4A0 /* Pods-MotionBreakUITests.debug.xcconfig */,
				62745BD14AF2B9BAF4D638B5 /* Pods-MotionBreakUITests.release.xcconfig */,
			);
			name = Pods;
			sourceTree = "<group>";
		};
		E9FE7E0B1E5260D2001E5D81 = {
			isa = PBXGroup;
			children = (
				E9FE7E161E5260D2001E5D81 /* MotionBreak */,
				E9FE7E2B1E5260D2001E5D81 /* MotionBreakTests */,
				E9FE7E361E5260D2001E5D81 /* MotionBreakUITests */,
				E9FE7E151E5260D2001E5D81 /* Products */,
				C2E40FBC673150379D4381F3 /* Pods */,
				560B8831BAE3D94BFA3373E3 /* Frameworks */,
			);
			sourceTree = "<group>";
		};
		E9FE7E151E5260D2001E5D81 /* Products */ = {
			isa = PBXGroup;
			children = (
				E9FE7E141E5260D2001E5D81 /* MotionBreak.app */,
				E9FE7E281E5260D2001E5D81 /* MotionBreakTests.xctest */,
				E9FE7E331E5260D2001E5D81 /* MotionBreakUITests.xctest */,
			);
			name = Products;
			sourceTree = "<group>";
		};
		E9FE7E161E5260D2001E5D81 /* MotionBreak */ = {
			isa = PBXGroup;
			children = (
				E9FE7E451E52611C001E5D81 /* GoogleService-Info.plist */,
				E9FE7E171E5260D2001E5D81 /* AppDelegate.swift */,
				E9FE7E191E5260D2001E5D81 /* ViewController.swift */,
				E9FE7E1B1E5260D2001E5D81 /* Main.storyboard */,
				E9FE7E1E1E5260D2001E5D81 /* Assets.xcassets */,
				E9FE7E201E5260D2001E5D81 /* LaunchScreen.storyboard */,
				E9FE7E231E5260D2001E5D81 /* Info.plist */,
			);
			path = MotionBreak;
			sourceTree = "<group>";
		};
		E9FE7E2B1E5260D2001E5D81 /* MotionBreakTests */ = {
			isa = PBXGroup;
			children = (
				E9FE7E2C1E5260D2001E5D81 /* MotionBreakTests.swift */,
				E9FE7E2E1E5260D2001E5D81 /* Info.plist */,
			);
			path = MotionBreakTests;
			sourceTree = "<group>";
		};
		E9FE7E361E5260D2001E5D81 /* MotionBreakUITests */ = {
			isa = PBXGroup;
			children = (
				E9FE7E371E5260D2001E5D81 /* MotionBreakUITests.swift */,
				E9FE7E391E5260D2001E5D81 /* Info.plist */,
			);
			path = MotionBreakUITests;
			sourceTree = "<group>";
		};
/* End PBXGroup section */

/* Begin PBXNativeTarget section */
		E9FE7E131E5260D2001E5D81 /* MotionBreak */ = {
			isa = PBXNativeTarget;
			buildConfigurationList = E9FE7E3C1E5260D2001E5D81 /* Build configuration list for PBXNativeTarget "MotionBreak" */;
			buildPhases = (
				AD2A123BCA5DDBBF06693A72 /* [CP] Check Pods Manifest.lock */,
				E9FE7E101E5260D2001E5D81 /* Sources */,
				E9FE7E111E5260D2001E5D81 /* Frameworks */,
				E9FE7E121E5260D2001E5D81 /* Resources */,
				07F71D84F596EAE82B418410 /* [CP] Embed Pods Frameworks */,
				32C09CAEF79EEA3582E60019 /* [CP] Copy Pods Resources */,
			);
			buildRules = (
			);
			dependencies = (
			);
			name = MotionBreak;
			productName = MotionBreak;
			productReference = E9FE7E141E5260D2001E5D81 /* MotionBreak.app */;
			productType = "com.apple.product-type.application";
		};
		E9FE7E271E5260D2001E5D81 /* MotionBreakTests */ = {
			isa = PBXNativeTarget;
			buildConfigurationList = E9FE7E3F1E5260D2001E5D81 /* Build configuration list for PBXNativeTarget "MotionBreakTests" */;
			buildPhases = (
				D7F0132F2AD7567502DCA15E /* [CP] Check Pods Manifest.lock */,
				E9FE7E241E5260D2001E5D81 /* Sources */,
				E9FE7E251E5260D2001E5D81 /* Frameworks */,
				E9FE7E261E5260D2001E5D81 /* Resources */,
				9FA8A7F500003ADB1BF31E3D /* [CP] Embed Pods Frameworks */,
				43199F725E05063B6A9D0559 /* [CP] Copy Pods Resources */,
			);
			buildRules = (
			);
			dependencies = (
				E9FE7E2A1E5260D2001E5D81 /* PBXTargetDependency */,
			);
			name = MotionBreakTests;
			productName = MotionBreakTests;
			productReference = E9FE7E281E5260D2001E5D81 /* MotionBreakTests.xctest */;
			productType = "com.apple.product-type.bundle.unit-test";
		};
		E9FE7E321E5260D2001E5D81 /* MotionBreakUITests */ = {
			isa = PBXNativeTarget;
			buildConfigurationList = E9FE7E421E5260D2001E5D81 /* Build configuration list for PBXNativeTarget "MotionBreakUITests" */;
			buildPhases = (
				41FC50BEC7C8C50348EF408D /* [CP] Check Pods Manifest.lock */,
				E9FE7E2F1E5260D2001E5D81 /* Sources */,
				E9FE7E301E5260D2001E5D81 /* Frameworks */,
				E9FE7E311E5260D2001E5D81 /* Resources */,
				82E67C22A6AAE72F8CA3606E /* [CP] Embed Pods Frameworks */,
				CE954715F9CEFC9F5E95F034 /* [CP] Copy Pods Resources */,
			);
			buildRules = (
			);
			dependencies = (
				E9FE7E351E5260D2001E5D81 /* PBXTargetDependency */,
			);
			name = MotionBreakUITests;
			productName = MotionBreakUITests;
			productReference = E9FE7E331E5260D2001E5D81 /* MotionBreakUITests.xctest */;
			productType = "com.apple.product-type.bundle.ui-testing";
		};
/* End PBXNativeTarget section */

/* Begin PBXProject section */
		E9FE7E0C1E5260D2001E5D81 /* Project object */ = {
			isa = PBXProject;
			attributes = {
				LastSwiftUpdateCheck = 0820;
				LastUpgradeCheck = 0820;
				ORGANIZATIONNAME = "Kelsey Kjeldsen";
				TargetAttributes = {
					E9FE7E131E5260D2001E5D81 = {
						CreatedOnToolsVersion = 8.2.1;
						DevelopmentTeam = 66LXH2SEBD;
						ProvisioningStyle = Automatic;
					};
					E9FE7E271E5260D2001E5D81 = {
						CreatedOnToolsVersion = 8.2.1;
						DevelopmentTeam = 66LXH2SEBD;
						ProvisioningStyle = Automatic;
						TestTargetID = E9FE7E131E5260D2001E5D81;
					};
					E9FE7E321E5260D2001E5D81 = {
						CreatedOnToolsVersion = 8.2.1;
						DevelopmentTeam = 66LXH2SEBD;
						ProvisioningStyle = Automatic;
						TestTargetID = E9FE7E131E5260D2001E5D81;
					};
				};
			};
			buildConfigurationList = E9FE7E0F1E5260D2001E5D81 /* Build configuration list for PBXProject "MotionBreak" */;
			compatibilityVersion = "Xcode 3.2";
			developmentRegion = English;
			hasScannedForEncodings = 0;
			knownRegions = (
				en,
				Base,
			);
			mainGroup = E9FE7E0B1E5260D2001E5D81;
			productRefGroup = E9FE7E151E5260D2001E5D81 /* Products */;
			projectDirPath = "";
			projectRoot = "";
			targets = (
				E9FE7E131E5260D2001E5D81 /* MotionBreak */,
				E9FE7E271E5260D2001E5D81 /* MotionBreakTests */,
				E9FE7E321E5260D2001E5D81 /* MotionBreakUITests */,
			);
		};
/* End PBXProject section */

/* Begin PBXResourcesBuildPhase section */
		E9FE7E121E5260D2001E5D81 /* Resources */ = {
			isa = PBXResourcesBuildPhase;
			buildActionMask = 2147483647;
			files = (
				E9FE7E221E5260D2001E5D81 /* LaunchScreen.storyboard in Resources */,
				E9FE7E461E52611C001E5D81 /* GoogleService-Info.plist in Resources */,
				E9FE7E1F1E5260D2001E5D81 /* Assets.xcassets in Resources */,
				E9FE7E1D1E5260D2001E5D81 /* Main.storyboard in Resources */,
			);
			runOnlyForDeploymentPostprocessing = 0;
		};
		E9FE7E261E5260D2001E5D81 /* Resources */ = {
			isa = PBXResourcesBuildPhase;
			buildActionMask = 2147483647;
			files = (
			);
			runOnlyForDeploymentPostprocessing = 0;
		};
		E9FE7E311E5260D2001E5D81 /* Resources */ = {
			isa = PBXResourcesBuildPhase;
			buildActionMask = 2147483647;
			files = (
			);
			runOnlyForDeploymentPostprocessing = 0;
		};
/* End PBXResourcesBuildPhase section */

/* Begin PBXShellScriptBuildPhase section */
		07F71D84F596EAE82B418410 /* [CP] Embed Pods Frameworks */ = {
			isa = PBXShellScriptBuildPhase;
			buildActionMask = 2147483647;
			files = (
			);
			inputPaths = (
			);
			name = "[CP] Embed Pods Frameworks";
			outputPaths = (
			);
			runOnlyForDeploymentPostprocessing = 0;
			shellPath = /bin/sh;
			shellScript = "\"${SRCROOT}/Pods/Target Support Files/Pods-MotionBreak/Pods-MotionBreak-frameworks.sh\"\n";
			showEnvVarsInLog = 0;
		};
		32C09CAEF79EEA3582E60019 /* [CP] Copy Pods Resources */ = {
			isa = PBXShellScriptBuildPhase;
			buildActionMask = 2147483647;
			files = (
			);
			inputPaths = (
			);
			name = "[CP] Copy Pods Resources";
			outputPaths = (
			);
			runOnlyForDeploymentPostprocessing = 0;
			shellPath = /bin/sh;
			shellScript = "\"${SRCROOT}/Pods/Target Support Files/Pods-MotionBreak/Pods-MotionBreak-resources.sh\"\n";
			showEnvVarsInLog = 0;
		};
		41FC50BEC7C8C50348EF408D /* [CP] Check Pods Manifest.lock */ = {
			isa = PBXShellScriptBuildPhase;
			buildActionMask = 2147483647;
			files = (
			);
			inputPaths = (
			);
			name = "[CP] Check Pods Manifest.lock";
			outputPaths = (
			);
			runOnlyForDeploymentPostprocessing = 0;
			shellPath = /bin/sh;
			shellScript = "diff \"${PODS_ROOT}/../Podfile.lock\" \"${PODS_ROOT}/Manifest.lock\" > /dev/null\nif [ $? != 0 ] ; then\n    # print error to STDERR\n    echo \"error: The sandbox is not in sync with the Podfile.lock. Run 'pod install' or update your CocoaPods installation.\" >&2\n    exit 1\nfi\n";
			showEnvVarsInLog = 0;
		};
		43199F725E05063B6A9D0559 /* [CP] Copy Pods Resources */ = {
			isa = PBXShellScriptBuildPhase;
			buildActionMask = 2147483647;
			files = (
			);
			inputPaths = (
			);
			name = "[CP] Copy Pods Resources";
			outputPaths = (
			);
			runOnlyForDeploymentPostprocessing = 0;
			shellPath = /bin/sh;
			shellScript = "\"${SRCROOT}/Pods/Target Support Files/Pods-MotionBreakTests/Pods-MotionBreakTests-resources.sh\"\n";
			showEnvVarsInLog = 0;
		};
		82E67C22A6AAE72F8CA3606E /* [CP] Embed Pods Frameworks */ = {
			isa = PBXShellScriptBuildPhase;
			buildActionMask = 2147483647;
			files = (
			);
			inputPaths = (
			);
			name = "[CP] Embed Pods Frameworks";
			outputPaths = (
			);
			runOnlyForDeploymentPostprocessing = 0;
			shellPath = /bin/sh;
			shellScript = "\"${SRCROOT}/Pods/Target Support Files/Pods-MotionBreakUITests/Pods-MotionBreakUITests-frameworks.sh\"\n";
			showEnvVarsInLog = 0;
		};
		9FA8A7F500003ADB1BF31E3D /* [CP] Embed Pods Frameworks */ = {
			isa = PBXShellScriptBuildPhase;
			buildActionMask = 2147483647;
			files = (
			);
			inputPaths = (
			);
			name = "[CP] Embed Pods Frameworks";
			outputPaths = (
			);
			runOnlyForDeploymentPostprocessing = 0;
			shellPath = /bin/sh;
			shellScript = "\"${SRCROOT}/Pods/Target Support Files/Pods-MotionBreakTests/Pods-MotionBreakTests-frameworks.sh\"\n";
			showEnvVarsInLog = 0;
		};
		AD2A123BCA5DDBBF06693A72 /* [CP] Check Pods Manifest.lock */ = {
			isa = PBXShellScriptBuildPhase;
			buildActionMask = 2147483647;
			files = (
			);
			inputPaths = (
			);
			name = "[CP] Check Pods Manifest.lock";
			outputPaths = (
			);
			runOnlyForDeploymentPostprocessing = 0;
			shellPath = /bin/sh;
			shellScript = "diff \"${PODS_ROOT}/../Podfile.lock\" \"${PODS_ROOT}/Manifest.lock\" > /dev/null\nif [ $? != 0 ] ; then\n    # print error to STDERR\n    echo \"error: The sandbox is not in sync with the Podfile.lock. Run 'pod install' or update your CocoaPods installation.\" >&2\n    exit 1\nfi\n";
			showEnvVarsInLog = 0;
		};
		CE954715F9CEFC9F5E95F034 /* [CP] Copy Pods Resources */ = {
			isa = PBXShellScriptBuildPhase;
			buildActionMask = 2147483647;
			files = (
			);
			inputPaths = (
			);
			name = "[CP] Copy Pods Resources";
			outputPaths = (
			);
			runOnlyForDeploymentPostprocessing = 0;
			shellPath = /bin/sh;
			shellScript = "\"${SRCROOT}/Pods/Target Support Files/Pods-MotionBreakUITests/Pods-MotionBreakUITests-resources.sh\"\n";
			showEnvVarsInLog = 0;
		};
		D7F0132F2AD7567502DCA15E /* [CP] Check Pods Manifest.lock */ = {
			isa = PBXShellScriptBuildPhase;
			buildActionMask = 2147483647;
			files = (
			);
			inputPaths = (
			);
			name = "[CP] Check Pods Manifest.lock";
			outputPaths = (
			);
			runOnlyForDeploymentPostprocessing = 0;
			shellPath = /bin/sh;
			shellScript = "diff \"${PODS_ROOT}/../Podfile.lock\" \"${PODS_ROOT}/Manifest.lock\" > /dev/null\nif [ $? != 0 ] ; then\n    # print error to STDERR\n    echo \"error: The sandbox is not in sync with the Podfile.lock. Run 'pod install' or update your CocoaPods installation.\" >&2\n    exit 1\nfi\n";
			showEnvVarsInLog = 0;
		};
/* End PBXShellScriptBuildPhase section */

/* Begin PBXSourcesBuildPhase section */
		E9FE7E101E5260D2001E5D81 /* Sources */ = {
			isa = PBXSourcesBuildPhase;
			buildActionMask = 2147483647;
			files = (
				E9FE7E1A1E5260D2001E5D81 /* ViewController.swift in Sources */,
				E9FE7E181E5260D2001E5D81 /* AppDelegate.swift in Sources */,
			);
			runOnlyForDeploymentPostprocessing = 0;
		};
		E9FE7E241E5260D2001E5D81 /* Sources */ = {
			isa = PBXSourcesBuildPhase;
			buildActionMask = 2147483647;
			files = (
				E9FE7E2D1E5260D2001E5D81 /* MotionBreakTests.swift in Sources */,
			);
			runOnlyForDeploymentPostprocessing = 0;
		};
		E9FE7E2F1E5260D2001E5D81 /* Sources */ = {
			isa = PBXSourcesBuildPhase;
			buildActionMask = 2147483647;
			files = (
				E9FE7E381E5260D2001E5D81 /* MotionBreakUITests.swift in Sources */,
			);
			runOnlyForDeploymentPostprocessing = 0;
		};
/* End PBXSourcesBuildPhase section */

/* Begin PBXTargetDependency section */
		E9FE7E2A1E5260D2001E5D81 /* PBXTargetDependency */ = {
			isa = PBXTargetDependency;
			target = E9FE7E131E5260D2001E5D81 /* MotionBreak */;
			targetProxy = E9FE7E291E5260D2001E5D81 /* PBXContainerItemProxy */;
		};
		E9FE7E351E5260D2001E5D81 /* PBXTargetDependency */ = {
			isa = PBXTargetDependency;
			target = E9FE7E131E5260D2001E5D81 /* MotionBreak */;
			targetProxy = E9FE7E341E5260D2001E5D81 /* PBXContainerItemProxy */;
		};
/* End PBXTargetDependency section */

/* Begin PBXVariantGroup section */
		E9FE7E1B1E5260D2001E5D81 /* Main.storyboard */ = {
			isa = PBXVariantGroup;
			children = (
				E9FE7E1C1E5260D2001E5D81 /* Base */,
			);
			name = Main.storyboard;
			sourceTree = "<group>";
		};
		E9FE7E201E5260D2001E5D81 /* LaunchScreen.storyboard */ = {
			isa = PBXVariantGroup;
			children = (
				E9FE7E211E5260D2001E5D81 /* Base */,
			);
			name = LaunchScreen.storyboard;
			sourceTree = "<group>";
		};
/* End PBXVariantGroup section */

/* Begin XCBuildConfiguration section */
		E9FE7E3A1E5260D2001E5D81 /* Debug */ = {
			isa = XCBuildConfiguration;
			buildSettings = {
				ALWAYS_SEARCH_USER_PATHS = NO;
				CLANG_ANALYZER_NONNULL = YES;
				CLANG_CXX_LANGUAGE_STANDARD = "gnu++0x";
				CLANG_CXX_LIBRARY = "libc++";
				CLANG_ENABLE_MODULES = YES;
				CLANG_ENABLE_OBJC_ARC = YES;
				CLANG_WARN_BOOL_CONVERSION = YES;
				CLANG_WARN_CONSTANT_CONVERSION = YES;
				CLANG_WARN_DIRECT_OBJC_ISA_USAGE = YES_ERROR;
				CLANG_WARN_DOCUMENTATION_COMMENTS = YES;
				CLANG_WARN_EMPTY_BODY = YES;
				CLANG_WARN_ENUM_CONVERSION = YES;
				CLANG_WARN_INFINITE_RECURSION = YES;
				CLANG_WARN_INT_CONVERSION = YES;
				CLANG_WARN_OBJC_ROOT_CLASS = YES_ERROR;
				CLANG_WARN_SUSPICIOUS_MOVE = YES;
				CLANG_WARN_UNREACHABLE_CODE = YES;
				CLANG_WARN__DUPLICATE_METHOD_MATCH = YES;
				"CODE_SIGN_IDENTITY[sdk=iphoneos*]" = "iPhone Developer";
				COPY_PHASE_STRIP = NO;
				DEBUG_INFORMATION_FORMAT = dwarf;
				ENABLE_STRICT_OBJC_MSGSEND = YES;
				ENABLE_TESTABILITY = YES;
				GCC_C_LANGUAGE_STANDARD = gnu99;
				GCC_DYNAMIC_NO_PIC = NO;
				GCC_NO_COMMON_BLOCKS = YES;
				GCC_OPTIMIZATION_LEVEL = 0;
				GCC_PREPROCESSOR_DEFINITIONS = (
					"DEBUG=1",
					"$(inherited)",
				);
				GCC_WARN_64_TO_32_BIT_CONVERSION = YES;
				GCC_WARN_ABOUT_RETURN_TYPE = YES_ERROR;
				GCC_WARN_UNDECLARED_SELECTOR = YES;
				GCC_WARN_UNINITIALIZED_AUTOS = YES_AGGRESSIVE;
				GCC_WARN_UNUSED_FUNCTION = YES;
				GCC_WARN_UNUSED_VARIABLE = YES;
				IPHONEOS_DEPLOYMENT_TARGET = 10.2;
				MTL_ENABLE_DEBUG_INFO = YES;
				ONLY_ACTIVE_ARCH = YES;
				SDKROOT = iphoneos;
				SWIFT_ACTIVE_COMPILATION_CONDITIONS = DEBUG;
				SWIFT_OPTIMIZATION_LEVEL = "-Onone";
				TARGETED_DEVICE_FAMILY = "1,2";
			};
			name = Debug;
		};
		E9FE7E3B1E5260D2001E5D81 /* Release */ = {
			isa = XCBuildConfiguration;
			buildSettings = {
				ALWAYS_SEARCH_USER_PATHS = NO;
				CLANG_ANALYZER_NONNULL = YES;
				CLANG_CXX_LANGUAGE_STANDARD = "gnu++0x";
				CLANG_CXX_LIBRARY = "libc++";
				CLANG_ENABLE_MODULES = YES;
				CLANG_ENABLE_OBJC_ARC = YES;
				CLANG_WARN_BOOL_CONVERSION = YES;
				CLANG_WARN_CONSTANT_CONVERSION = YES;
				CLANG_WARN_DIRECT_OBJC_ISA_USAGE = YES_ERROR;
				CLANG_WARN_DOCUMENTATION_COMMENTS = YES;
				CLANG_WARN_EMPTY_BODY = YES;
				CLANG_WARN_ENUM_CONVERSION = YES;
				CLANG_WARN_INFINITE_RECURSION = YES;
				CLANG_WARN_INT_CONVERSION = YES;
				CLANG_WARN_OBJC_ROOT_CLASS = YES_ERROR;
				CLANG_WARN_SUSPICIOUS_MOVE = YES;
				CLANG_WARN_UNREACHABLE_CODE = YES;
				CLANG_WARN__DUPLICATE_METHOD_MATCH = YES;
				"CODE_SIGN_IDENTITY[sdk=iphoneos*]" = "iPhone Developer";
				COPY_PHASE_STRIP = NO;
				DEBUG_INFORMATION_FORMAT = "dwarf-with-dsym";
				ENABLE_NS_ASSERTIONS = NO;
				ENABLE_STRICT_OBJC_MSGSEND = YES;
				GCC_C_LANGUAGE_STANDARD = gnu99;
				GCC_NO_COMMON_BLOCKS = YES;
				GCC_WARN_64_TO_32_BIT_CONVERSION = YES;
				GCC_WARN_ABOUT_RETURN_TYPE = YES_ERROR;
				GCC_WARN_UNDECLARED_SELECTOR = YES;
				GCC_WARN_UNINITIALIZED_AUTOS = YES_AGGRESSIVE;
				GCC_WARN_UNUSED_FUNCTION = YES;
				GCC_WARN_UNUSED_VARIABLE = YES;
				IPHONEOS_DEPLOYMENT_TARGET = 10.2;
				MTL_ENABLE_DEBUG_INFO = NO;
				SDKROOT = iphoneos;
				SWIFT_OPTIMIZATION_LEVEL = "-Owholemodule";
				TARGETED_DEVICE_FAMILY = "1,2";
				VALIDATE_PRODUCT = YES;
			};
			name = Release;
		};
		E9FE7E3D1E5260D2001E5D81 /* Debug */ = {
			isa = XCBuildConfiguration;
			baseConfigurationReference = 5913FB6EE3174F5AB7251E63 /* Pods-MotionBreak.debug.xcconfig */;
			buildSettings = {
				ASSETCATALOG_COMPILER_APPICON_NAME = AppIcon;
				DEVELOPMENT_TEAM = 66LXH2SEBD;
				INFOPLIST_FILE = MotionBreak/Info.plist;
				LD_RUNPATH_SEARCH_PATHS = "$(inherited) @executable_path/Frameworks";
				PRODUCT_BUNDLE_IDENTIFIER = com.kelseykjeldsen.MotionBreak;
				PRODUCT_NAME = "$(TARGET_NAME)";
				SWIFT_VERSION = 3.0;
			};
			name = Debug;
		};
		E9FE7E3E1E5260D2001E5D81 /* Release */ = {
			isa = XCBuildConfiguration;
			baseConfigurationReference = 8F0B8058A7795DA2B8BADD02 /* Pods-MotionBreak.release.xcconfig */;
			buildSettings = {
				ASSETCATALOG_COMPILER_APPICON_NAME = AppIcon;
				DEVELOPMENT_TEAM = 66LXH2SEBD;
				INFOPLIST_FILE = MotionBreak/Info.plist;
				LD_RUNPATH_SEARCH_PATHS = "$(inherited) @executable_path/Frameworks";
				PRODUCT_BUNDLE_IDENTIFIER = com.kelseykjeldsen.MotionBreak;
				PRODUCT_NAME = "$(TARGET_NAME)";
				SWIFT_VERSION = 3.0;
			};
			name = Release;
		};
		E9FE7E401E5260D2001E5D81 /* Debug */ = {
			isa = XCBuildConfiguration;
			baseConfigurationReference = DC376E55355B2F306C37E5ED /* Pods-MotionBreakTests.debug.xcconfig */;
			buildSettings = {
				ALWAYS_EMBED_SWIFT_STANDARD_LIBRARIES = YES;
				BUNDLE_LOADER = "$(TEST_HOST)";
				DEVELOPMENT_TEAM = 66LXH2SEBD;
				INFOPLIST_FILE = MotionBreakTests/Info.plist;
				LD_RUNPATH_SEARCH_PATHS = "$(inherited) @executable_path/Frameworks @loader_path/Frameworks";
				PRODUCT_BUNDLE_IDENTIFIER = com.kelseykjeldsen.MotionBreakTests;
				PRODUCT_NAME = "$(TARGET_NAME)";
				SWIFT_VERSION = 3.0;
				TEST_HOST = "$(BUILT_PRODUCTS_DIR)/MotionBreak.app/MotionBreak";
			};
			name = Debug;
		};
		E9FE7E411E5260D2001E5D81 /* Release */ = {
			isa = XCBuildConfiguration;
			baseConfigurationReference = 5CFEAEA6586474D9BC412975 /* Pods-MotionBreakTests.release.xcconfig */;
			buildSettings = {
				ALWAYS_EMBED_SWIFT_STANDARD_LIBRARIES = YES;
				BUNDLE_LOADER = "$(TEST_HOST)";
				DEVELOPMENT_TEAM = 66LXH2SEBD;
				INFOPLIST_FILE = MotionBreakTests/Info.plist;
				LD_RUNPATH_SEARCH_PATHS = "$(inherited) @executable_path/Frameworks @loader_path/Frameworks";
				PRODUCT_BUNDLE_IDENTIFIER = com.kelseykjeldsen.MotionBreakTests;
				PRODUCT_NAME = "$(TARGET_NAME)";
				SWIFT_VERSION = 3.0;
				TEST_HOST = "$(BUILT_PRODUCTS_DIR)/MotionBreak.app/MotionBreak";
			};
			name = Release;
		};
		E9FE7E431E5260D2001E5D81 /* Debug */ = {
			isa = XCBuildConfiguration;
			baseConfigurationReference = 88DC180BCDD9C22BD351A4A0 /* Pods-MotionBreakUITests.debug.xcconfig */;
			buildSettings = {
				ALWAYS_EMBED_SWIFT_STANDARD_LIBRARIES = YES;
				DEVELOPMENT_TEAM = 66LXH2SEBD;
				INFOPLIST_FILE = MotionBreakUITests/Info.plist;
				LD_RUNPATH_SEARCH_PATHS = "$(inherited) @executable_path/Frameworks @loader_path/Frameworks";
				PRODUCT_BUNDLE_IDENTIFIER = com.kelseykjeldsen.MotionBreakUITests;
				PRODUCT_NAME = "$(TARGET_NAME)";
				SWIFT_VERSION = 3.0;
				TEST_TARGET_NAME = MotionBreak;
			};
			name = Debug;
		};
		E9FE7E441E5260D2001E5D81 /* Release */ = {
			isa = XCBuildConfiguration;
			baseConfigurationReference = 62745BD14AF2B9BAF4D638B5 /* Pods-MotionBreakUITests.release.xcconfig */;
			buildSettings = {
				ALWAYS_EMBED_SWIFT_STANDARD_LIBRARIES = YES;
				DEVELOPMENT_TEAM = 66LXH2SEBD;
				INFOPLIST_FILE = MotionBreakUITests/Info.plist;
				LD_RUNPATH_SEARCH_PATHS = "$(inherited) @executable_path/Frameworks @loader_path/Frameworks";
				PRODUCT_BUNDLE_IDENTIFIER = com.kelseykjeldsen.MotionBreakUITests;
				PRODUCT_NAME = "$(TARGET_NAME)";
				SWIFT_VERSION = 3.0;
				TEST_TARGET_NAME = MotionBreak;
			};
			name = Release;
		};
/* End XCBuildConfiguration section */

/* Begin XCConfigurationList section */
		E9FE7E0F1E5260D2001E5D81 /* Build configuration list for PBXProject "MotionBreak" */ = {
			isa = XCConfigurationList;
			buildConfigurations = (
				E9FE7E3A1E5260D2001E5D81 /* Debug */,
				E9FE7E3B1E5260D2001E5D81 /* Release */,
			);
			defaultConfigurationIsVisible = 0;
			defaultConfigurationName = Release;
		};
		E9FE7E3C1E5260D2001E5D81 /* Build configuration list for PBXNativeTarget "MotionBreak" */ = {
			isa = XCConfigurationList;
			buildConfigurations = (
				E9FE7E3D1E5260D2001E5D81 /* Debug */,
				E9FE7E3E1E5260D2001E5D81 /* Release */,
			);
			defaultConfigurationIsVisible = 0;
		};
		E9FE7E3F1E5260D2001E5D81 /* Build configuration list for PBXNativeTarget "MotionBreakTests" */ = {
			isa = XCConfigurationList;
			buildConfigurations = (
				E9FE7E401E5260D2001E5D81 /* Debug */,
				E9FE7E411E5260D2001E5D81 /* Release */,
			);
			defaultConfigurationIsVisible = 0;
		};
		E9FE7E421E5260D2001E5D81 /* Build configuration list for PBXNativeTarget "MotionBreakUITests" */ = {
			isa = XCConfigurationList;
			buildConfigurations = (
				E9FE7E431E5260D2001E5D81 /* Debug */,
				E9FE7E441E5260D2001E5D81 /* Release */,
			);
			defaultConfigurationIsVisible = 0;
		};
/* End XCConfigurationList section */
	};
	rootObject = E9FE7E0C1E5260D2001E5D81 /* Project object */;
}
